// !$*UTF8*$!
{
	archiveVersion = 1;
	classes = {
	};
	objectVersion = 56;
	objects = {

/* Begin PBXBuildFile section */
		A51155812AE82A5100AA0B33 /* AppDelegate.swift in Sources */ = {isa = PBXBuildFile; fileRef = A51155802AE82A5100AA0B33 /* AppDelegate.swift */; };
		A51155832AE82A5100AA0B33 /* SceneDelegate.swift in Sources */ = {isa = PBXBuildFile; fileRef = A51155822AE82A5100AA0B33 /* SceneDelegate.swift */; };
		A51155882AE82A5100AA0B33 /* Main.storyboard in Resources */ = {isa = PBXBuildFile; fileRef = A51155862AE82A5100AA0B33 /* Main.storyboard */; };
		A511558A2AE82A5200AA0B33 /* Assets.xcassets in Resources */ = {isa = PBXBuildFile; fileRef = A51155892AE82A5200AA0B33 /* Assets.xcassets */; };
		A511558D2AE82A5200AA0B33 /* LaunchScreen.storyboard in Resources */ = {isa = PBXBuildFile; fileRef = A511558B2AE82A5200AA0B33 /* LaunchScreen.storyboard */; };
		A51155952AE82C4A00AA0B33 /* Contact.swift in Sources */ = {isa = PBXBuildFile; fileRef = A51155942AE82C4A00AA0B33 /* Contact.swift */; };
		A5B297712AEADA9B00CEE756 /* TableFirstViewController.swift in Sources */ = {isa = PBXBuildFile; fileRef = A5B297702AEADA9B00CEE756 /* TableFirstViewController.swift */; };
		A5B297732AEADE5E00CEE756 /* TableInfoContact.swift in Sources */ = {isa = PBXBuildFile; fileRef = A5B297722AEADE5E00CEE756 /* TableInfoContact.swift */; };
		A5B297752AEC1C6600CEE756 /* TableSecondViewController.swift in Sources */ = {isa = PBXBuildFile; fileRef = A5B297742AEC1C6600CEE756 /* TableSecondViewController.swift */; };
		A5F13F4D2AED37EA00EB00FF /* TabBarViewController.swift in Sources */ = {isa = PBXBuildFile; fileRef = A5F13F4C2AED37EA00EB00FF /* TabBarViewController.swift */; };
		A5F13F502AED385700EB00FF /* Service.swift in Sources */ = {isa = PBXBuildFile; fileRef = A5F13F4F2AED385700EB00FF /* Service.swift */; };
/* End PBXBuildFile section */

/* Begin PBXFileReference section */
		A511557D2AE82A5100AA0B33 /* Contact.app */ = {isa = PBXFileReference; explicitFileType = wrapper.application; includeInIndex = 0; path = Contact.app; sourceTree = BUILT_PRODUCTS_DIR; };
		A51155802AE82A5100AA0B33 /* AppDelegate.swift */ = {isa = PBXFileReference; lastKnownFileType = sourcecode.swift; path = AppDelegate.swift; sourceTree = "<group>"; };
		A51155822AE82A5100AA0B33 /* SceneDelegate.swift */ = {isa = PBXFileReference; lastKnownFileType = sourcecode.swift; path = SceneDelegate.swift; sourceTree = "<group>"; };
		A51155872AE82A5100AA0B33 /* Base */ = {isa = PBXFileReference; lastKnownFileType = file.storyboard; name = Base; path = Base.lproj/Main.storyboard; sourceTree = "<group>"; };
		A51155892AE82A5200AA0B33 /* Assets.xcassets */ = {isa = PBXFileReference; lastKnownFileType = folder.assetcatalog; path = Assets.xcassets; sourceTree = "<group>"; };
		A511558C2AE82A5200AA0B33 /* Base */ = {isa = PBXFileReference; lastKnownFileType = file.storyboard; name = Base; path = Base.lproj/LaunchScreen.storyboard; sourceTree = "<group>"; };
		A511558E2AE82A5200AA0B33 /* Info.plist */ = {isa = PBXFileReference; lastKnownFileType = text.plist.xml; path = Info.plist; sourceTree = "<group>"; };
		A51155942AE82C4A00AA0B33 /* Contact.swift */ = {isa = PBXFileReference; lastKnownFileType = sourcecode.swift; path = Contact.swift; sourceTree = "<group>"; };
		A5B297702AEADA9B00CEE756 /* TableFirstViewController.swift */ = {isa = PBXFileReference; lastKnownFileType = sourcecode.swift; path = TableFirstViewController.swift; sourceTree = "<group>"; };
		A5B297722AEADE5E00CEE756 /* TableInfoContact.swift */ = {isa = PBXFileReference; lastKnownFileType = sourcecode.swift; path = TableInfoContact.swift; sourceTree = "<group>"; };
		A5B297742AEC1C6600CEE756 /* TableSecondViewController.swift */ = {isa = PBXFileReference; lastKnownFileType = sourcecode.swift; path = TableSecondViewController.swift; sourceTree = "<group>"; };
		A5F13F4C2AED37EA00EB00FF /* TabBarViewController.swift */ = {isa = PBXFileReference; lastKnownFileType = sourcecode.swift; path = TabBarViewController.swift; sourceTree = "<group>"; };
		A5F13F4F2AED385700EB00FF /* Service.swift */ = {isa = PBXFileReference; lastKnownFileType = sourcecode.swift; path = Service.swift; sourceTree = "<group>"; };
/* End PBXFileReference section */

/* Begin PBXFrameworksBuildPhase section */
		A511557A2AE82A5100AA0B33 /* Frameworks */ = {
			isa = PBXFrameworksBuildPhase;
			buildActionMask = 2147483647;
			files = (
			);
			runOnlyForDeploymentPostprocessing = 0;
		};
/* End PBXFrameworksBuildPhase section */

/* Begin PBXGroup section */
		A51155742AE82A5100AA0B33 = {
			isa = PBXGroup;
			children = (
				A511557F2AE82A5100AA0B33 /* Contact */,
				A511557E2AE82A5100AA0B33 /* Products */,
			);
			sourceTree = "<group>";
		};
		A511557E2AE82A5100AA0B33 /* Products */ = {
			isa = PBXGroup;
			children = (
				A511557D2AE82A5100AA0B33 /* Contact.app */,
			);
			name = Products;
			sourceTree = "<group>";
		};
		A511557F2AE82A5100AA0B33 /* Contact */ = {
			isa = PBXGroup;
			children = (
				A5F13F4E2AED384500EB00FF /* Service */,
				A5F13F4A2AED343B00EB00FF /* New Group */,
				A5F13F472AED331D00EB00FF /* VC */,
				A5F13F482AED333100EB00FF /* Model */,
				A5F13F492AED340900EB00FF /* Storybord */,
				A5F13F4B2AED34C400EB00FF /* Resourse */,
			);
			path = Contact;
			sourceTree = "<group>";
		};
		A5F13F472AED331D00EB00FF /* VC */ = {
			isa = PBXGroup;
			children = (
				A5F13F4C2AED37EA00EB00FF /* TabBarViewController.swift */,
				A5B297702AEADA9B00CEE756 /* TableFirstViewController.swift */,
				A5B297722AEADE5E00CEE756 /* TableInfoContact.swift */,
				A5B297742AEC1C6600CEE756 /* TableSecondViewController.swift */,
			);
			path = VC;
			sourceTree = "<group>";
		};
		A5F13F482AED333100EB00FF /* Model */ = {
			isa = PBXGroup;
			children = (
				A51155942AE82C4A00AA0B33 /* Contact.swift */,
			);
			path = Model;
			sourceTree = "<group>";
		};
		A5F13F492AED340900EB00FF /* Storybord */ = {
			isa = PBXGroup;
			children = (
				A51155862AE82A5100AA0B33 /* Main.storyboard */,
				A511558B2AE82A5200AA0B33 /* LaunchScreen.storyboard */,
			);
			path = Storybord;
			sourceTree = "<group>";
		};
		A5F13F4A2AED343B00EB00FF /* New Group */ = {
			isa = PBXGroup;
			children = (
				A51155802AE82A5100AA0B33 /* AppDelegate.swift */,
				A51155822AE82A5100AA0B33 /* SceneDelegate.swift */,
				A511558E2AE82A5200AA0B33 /* Info.plist */,
			);
			path = "New Group";
			sourceTree = "<group>";
		};
		A5F13F4B2AED34C400EB00FF /* Resourse */ = {
			isa = PBXGroup;
			children = (
				A51155892AE82A5200AA0B33 /* Assets.xcassets */,
			);
			path = Resourse;
			sourceTree = "<group>";
		};
		A5F13F4E2AED384500EB00FF /* Service */ = {
			isa = PBXGroup;
			children = (
				A5F13F4F2AED385700EB00FF /* Service.swift */,
			);
			path = Service;
			sourceTree = "<group>";
		};
/* End PBXGroup section */

/* Begin PBXNativeTarget section */
		A511557C2AE82A5100AA0B33 /* Contact */ = {
			isa = PBXNativeTarget;
			buildConfigurationList = A51155912AE82A5200AA0B33 /* Build configuration list for PBXNativeTarget "Contact" */;
			buildPhases = (
				A51155792AE82A5100AA0B33 /* Sources */,
				A511557A2AE82A5100AA0B33 /* Frameworks */,
				A511557B2AE82A5100AA0B33 /* Resources */,
			);
			buildRules = (
			);
			dependencies = (
			);
			name = Contact;
			productName = Contact;
			productReference = A511557D2AE82A5100AA0B33 /* Contact.app */;
			productType = "com.apple.product-type.application";
		};
/* End PBXNativeTarget section */

/* Begin PBXProject section */
		A51155752AE82A5100AA0B33 /* Project object */ = {
			isa = PBXProject;
			attributes = {
				BuildIndependentTargetsInParallel = 1;
				LastSwiftUpdateCheck = 1500;
				LastUpgradeCheck = 1500;
				TargetAttributes = {
					A511557C2AE82A5100AA0B33 = {
						CreatedOnToolsVersion = 15.0;
					};
				};
			};
			buildConfigurationList = A51155782AE82A5100AA0B33 /* Build configuration list for PBXProject "Contact" */;
			compatibilityVersion = "Xcode 14.0";
			developmentRegion = en;
			hasScannedForEncodings = 0;
			knownRegions = (
				en,
				Base,
			);
			mainGroup = A51155742AE82A5100AA0B33;
			productRefGroup = A511557E2AE82A5100AA0B33 /* Products */;
			projectDirPath = "";
			projectRoot = "";
			targets = (
				A511557C2AE82A5100AA0B33 /* Contact */,
			);
		};
/* End PBXProject section */

/* Begin PBXResourcesBuildPhase section */
		A511557B2AE82A5100AA0B33 /* Resources */ = {
			isa = PBXResourcesBuildPhase;
			buildActionMask = 2147483647;
			files = (
				A511558D2AE82A5200AA0B33 /* LaunchScreen.storyboard in Resources */,
				A511558A2AE82A5200AA0B33 /* Assets.xcassets in Resources */,
				A51155882AE82A5100AA0B33 /* Main.storyboard in Resources */,
			);
			runOnlyForDeploymentPostprocessing = 0;
		};
/* End PBXResourcesBuildPhase section */

/* Begin PBXSourcesBuildPhase section */
		A51155792AE82A5100AA0B33 /* Sources */ = {
			isa = PBXSourcesBuildPhase;
			buildActionMask = 2147483647;
			files = (
				A51155952AE82C4A00AA0B33 /* Contact.swift in Sources */,
				A5F13F502AED385700EB00FF /* Service.swift in Sources */,
				A5B297712AEADA9B00CEE756 /* TableFirstViewController.swift in Sources */,
				A5B297752AEC1C6600CEE756 /* TableSecondViewController.swift in Sources */,
				A51155812AE82A5100AA0B33 /* AppDelegate.swift in Sources */,
				A5F13F4D2AED37EA00EB00FF /* TabBarViewController.swift in Sources */,
				A5B297732AEADE5E00CEE756 /* TableInfoContact.swift in Sources */,
				A51155832AE82A5100AA0B33 /* SceneDelegate.swift in Sources */,
			);
			runOnlyForDeploymentPostprocessing = 0;
		};
/* End PBXSourcesBuildPhase section */

/* Begin PBXVariantGroup section */
		A51155862AE82A5100AA0B33 /* Main.storyboard */ = {
			isa = PBXVariantGroup;
			children = (
				A51155872AE82A5100AA0B33 /* Base */,
			);
			name = Main.storyboard;
			sourceTree = "<group>";
		};
		A511558B2AE82A5200AA0B33 /* LaunchScreen.storyboard */ = {
			isa = PBXVariantGroup;
			children = (
				A511558C2AE82A5200AA0B33 /* Base */,
			);
			name = LaunchScreen.storyboard;
			sourceTree = "<group>";
		};
/* End PBXVariantGroup section */

/* Begin XCBuildConfiguration section */
		A511558F2AE82A5200AA0B33 /* Debug */ = {
			isa = XCBuildConfiguration;
			buildSettings = {
				ALWAYS_SEARCH_USER_PATHS = NO;
				ASSETCATALOG_COMPILER_GENERATE_SWIFT_ASSET_SYMBOL_EXTENSIONS = YES;
				CLANG_ANALYZER_NONNULL = YES;
				CLANG_ANALYZER_NUMBER_OBJECT_CONVERSION = YES_AGGRESSIVE;
				CLANG_CXX_LANGUAGE_STANDARD = "gnu++20";
				CLANG_ENABLE_MODULES = YES;
				CLANG_ENABLE_OBJC_ARC = YES;
				CLANG_ENABLE_OBJC_WEAK = YES;
				CLANG_WARN_BLOCK_CAPTURE_AUTORELEASING = YES;
				CLANG_WARN_BOOL_CONVERSION = YES;
				CLANG_WARN_COMMA = YES;
				CLANG_WARN_CONSTANT_CONVERSION = YES;
				CLANG_WARN_DEPRECATED_OBJC_IMPLEMENTATIONS = YES;
				CLANG_WARN_DIRECT_OBJC_ISA_USAGE = YES_ERROR;
				CLANG_WARN_DOCUMENTATION_COMMENTS = YES;
				CLANG_WARN_EMPTY_BODY = YES;
				CLANG_WARN_ENUM_CONVERSION = YES;
				CLANG_WARN_INFINITE_RECURSION = YES;
				CLANG_WARN_INT_CONVERSION = YES;
				CLANG_WARN_NON_LITERAL_NULL_CONVERSION = YES;
				CLANG_WARN_OBJC_IMPLICIT_RETAIN_SELF = YES;
				CLANG_WARN_OBJC_LITERAL_CONVERSION = YES;
				CLANG_WARN_OBJC_ROOT_CLASS = YES_ERROR;
				CLANG_WARN_QUOTED_INCLUDE_IN_FRAMEWORK_HEADER = YES;
				CLANG_WARN_RANGE_LOOP_ANALYSIS = YES;
				CLANG_WARN_STRICT_PROTOTYPES = YES;
				CLANG_WARN_SUSPICIOUS_MOVE = YES;
				CLANG_WARN_UNGUARDED_AVAILABILITY = YES_AGGRESSIVE;
				CLANG_WARN_UNREACHABLE_CODE = YES;
				CLANG_WARN__DUPLICATE_METHOD_MATCH = YES;
				COPY_PHASE_STRIP = NO;
				DEBUG_INFORMATION_FORMAT = dwarf;
				ENABLE_STRICT_OBJC_MSGSEND = YES;
				ENABLE_TESTABILITY = YES;
				ENABLE_USER_SCRIPT_SANDBOXING = YES;
				GCC_C_LANGUAGE_STANDARD = gnu17;
				GCC_DYNAMIC_NO_PIC = NO;
				GCC_NO_COMMON_BLOCKS = YES;
				GCC_OPTIMIZATION_LEVEL = 0;
				GCC_PREPROCESSOR_DEFINITIONS = (
					"DEBUG=1",
					"$(inherited)",
				);
				GCC_WARN_64_TO_32_BIT_CONVERSION = YES;
				GCC_WARN_ABOUT_RETURN_TYPE = YES_ERROR;
				GCC_WARN_UNDECLARED_SELECTOR = YES;
				GCC_WARN_UNINITIALIZED_AUTOS = YES_AGGRESSIVE;
				GCC_WARN_UNUSED_FUNCTION = YES;
				GCC_WARN_UNUSED_VARIABLE = YES;
				IPHONEOS_DEPLOYMENT_TARGET = 17.0;
				LOCALIZATION_PREFERS_STRING_CATALOGS = YES;
				MTL_ENABLE_DEBUG_INFO = INCLUDE_SOURCE;
				MTL_FAST_MATH = YES;
				ONLY_ACTIVE_ARCH = YES;
				SDKROOT = iphoneos;
				SWIFT_ACTIVE_COMPILATION_CONDITIONS = "DEBUG $(inherited)";
				SWIFT_OPTIMIZATION_LEVEL = "-Onone";
			};
			name = Debug;
		};
		A51155902AE82A5200AA0B33 /* Release */ = {
			isa = XCBuildConfiguration;
			buildSettings = {
				ALWAYS_SEARCH_USER_PATHS = NO;
				ASSETCATALOG_COMPILER_GENERATE_SWIFT_ASSET_SYMBOL_EXTENSIONS = YES;
				CLANG_ANALYZER_NONNULL = YES;
				CLANG_ANALYZER_NUMBER_OBJECT_CONVERSION = YES_AGGRESSIVE;
				CLANG_CXX_LANGUAGE_STANDARD = "gnu++20";
				CLANG_ENABLE_MODULES = YES;
				CLANG_ENABLE_OBJC_ARC = YES;
				CLANG_ENABLE_OBJC_WEAK = YES;
				CLANG_WARN_BLOCK_CAPTURE_AUTORELEASING = YES;
				CLANG_WARN_BOOL_CONVERSION = YES;
				CLANG_WARN_COMMA = YES;
				CLANG_WARN_CONSTANT_CONVERSION = YES;
				CLANG_WARN_DEPRECATED_OBJC_IMPLEMENTATIONS = YES;
				CLANG_WARN_DIRECT_OBJC_ISA_USAGE = YES_ERROR;
				CLANG_WARN_DOCUMENTATION_COMMENTS = YES;
				CLANG_WARN_EMPTY_BODY = YES;
				CLANG_WARN_ENUM_CONVERSION = YES;
				CLANG_WARN_INFINITE_RECURSION = YES;
				CLANG_WARN_INT_CONVERSION = YES;
				CLANG_WARN_NON_LITERAL_NULL_CONVERSION = YES;
				CLANG_WARN_OBJC_IMPLICIT_RETAIN_SELF = YES;
				CLANG_WARN_OBJC_LITERAL_CONVERSION = YES;
				CLANG_WARN_OBJC_ROOT_CLASS = YES_ERROR;
				CLANG_WARN_QUOTED_INCLUDE_IN_FRAMEWORK_HEADER = YES;
				CLANG_WARN_RANGE_LOOP_ANALYSIS = YES;
				CLANG_WARN_STRICT_PROTOTYPES = YES;
				CLANG_WARN_SUSPICIOUS_MOVE = YES;
				CLANG_WARN_UNGUARDED_AVAILABILITY = YES_AGGRESSIVE;
				CLANG_WARN_UNREACHABLE_CODE = YES;
				CLANG_WARN__DUPLICATE_METHOD_MATCH = YES;
				COPY_PHASE_STRIP = NO;
				DEBUG_INFORMATION_FORMAT = "dwarf-with-dsym";
				ENABLE_NS_ASSERTIONS = NO;
				ENABLE_STRICT_OBJC_MSGSEND = YES;
				ENABLE_USER_SCRIPT_SANDBOXING = YES;
				GCC_C_LANGUAGE_STANDARD = gnu17;
				GCC_NO_COMMON_BLOCKS = YES;
				GCC_WARN_64_TO_32_BIT_CONVERSION = YES;
				GCC_WARN_ABOUT_RETURN_TYPE = YES_ERROR;
				GCC_WARN_UNDECLARED_SELECTOR = YES;
				GCC_WARN_UNINITIALIZED_AUTOS = YES_AGGRESSIVE;
				GCC_WARN_UNUSED_FUNCTION = YES;
				GCC_WARN_UNUSED_VARIABLE = YES;
				IPHONEOS_DEPLOYMENT_TARGET = 17.0;
				LOCALIZATION_PREFERS_STRING_CATALOGS = YES;
				MTL_ENABLE_DEBUG_INFO = NO;
				MTL_FAST_MATH = YES;
				SDKROOT = iphoneos;
				SWIFT_COMPILATION_MODE = wholemodule;
				VALIDATE_PRODUCT = YES;
			};
			name = Release;
		};
		A51155922AE82A5200AA0B33 /* Debug */ = {
			isa = XCBuildConfiguration;
			buildSettings = {
				ASSETCATALOG_COMPILER_APPICON_NAME = AppIcon;
				ASSETCATALOG_COMPILER_GLOBAL_ACCENT_COLOR_NAME = AccentColor;
				CODE_SIGN_STYLE = Automatic;
				CURRENT_PROJECT_VERSION = 1;
				GENERATE_INFOPLIST_FILE = YES;
				INFOPLIST_FILE = "Contact/New Group/Info.plist";
				INFOPLIST_KEY_UIApplicationSupportsIndirectInputEvents = YES;
				INFOPLIST_KEY_UILaunchStoryboardName = LaunchScreen;
				INFOPLIST_KEY_UIMainStoryboardFile = Main;
				INFOPLIST_KEY_UISupportedInterfaceOrientations = UIInterfaceOrientationPortrait;
				INFOPLIST_KEY_UISupportedInterfaceOrientations_iPad = "UIInterfaceOrientationLandscapeLeft UIInterfaceOrientationLandscapeRight UIInterfaceOrientationPortrait UIInterfaceOrientationPortraitUpsideDown";
				LD_RUNPATH_SEARCH_PATHS = (
					"$(inherited)",
					"@executable_path/Frameworks",
				);
				MARKETING_VERSION = 1.0;
				PRODUCT_BUNDLE_IDENTIFIER = mycompany.Contact;
				PRODUCT_NAME = "$(TARGET_NAME)";
				SUPPORTED_PLATFORMS = "iphoneos iphonesimulator";
				SUPPORTS_MACCATALYST = NO;
				SUPPORTS_MAC_DESIGNED_FOR_IPHONE_IPAD = NO;
				SWIFT_EMIT_LOC_STRINGS = YES;
				SWIFT_VERSION = 5.0;
				TARGETED_DEVICE_FAMILY = 1;
			};
			name = Debug;
		};
		A51155932AE82A5200AA0B33 /* Release */ = {
			isa = XCBuildConfiguration;
			buildSettings = {
				ASSETCATALOG_COMPILER_APPICON_NAME = AppIcon;
				ASSETCATALOG_COMPILER_GLOBAL_ACCENT_COLOR_NAME = AccentColor;
				CODE_SIGN_STYLE = Automatic;
				CURRENT_PROJECT_VERSION = 1;
				GENERATE_INFOPLIST_FILE = YES;
				INFOPLIST_FILE = "Contact/New Group/Info.plist";
				INFOPLIST_KEY_UIApplicationSupportsIndirectInputEvents = YES;
				INFOPLIST_KEY_UILaunchStoryboardName = LaunchScreen;
				INFOPLIST_KEY_UIMainStoryboardFile = Main;
				INFOPLIST_KEY_UISupportedInterfaceOrientations = UIInterfaceOrientationPortrait;
				INFOPLIST_KEY_UISupportedInterfaceOrientations_iPad = "UIInterfaceOrientationLandscapeLeft UIInterfaceOrientationLandscapeRight UIInterfaceOrientationPortrait UIInterfaceOrientationPortraitUpsideDown";
				LD_RUNPATH_SEARCH_PATHS = (
					"$(inherited)",
					"@executable_path/Frameworks",
				);
				MARKETING_VERSION = 1.0;
				PRODUCT_BUNDLE_IDENTIFIER = mycompany.Contact;
				PRODUCT_NAME = "$(TARGET_NAME)";
				SUPPORTED_PLATFORMS = "iphoneos iphonesimulator";
				SUPPORTS_MACCATALYST = NO;
				SUPPORTS_MAC_DESIGNED_FOR_IPHONE_IPAD = NO;
				SWIFT_EMIT_LOC_STRINGS = YES;
				SWIFT_VERSION = 5.0;
				TARGETED_DEVICE_FAMILY = 1;
			};
			name = Release;
		};
/* End XCBuildConfiguration section */

/* Begin XCConfigurationList section */
		A51155782AE82A5100AA0B33 /* Build configuration list for PBXProject "Contact" */ = {
			isa = XCConfigurationList;
			buildConfigurations = (
				A511558F2AE82A5200AA0B33 /* Debug */,
				A51155902AE82A5200AA0B33 /* Release */,
			);
			defaultConfigurationIsVisible = 0;
			defaultConfigurationName = Release;
		};
		A51155912AE82A5200AA0B33 /* Build configuration list for PBXNativeTarget "Contact" */ = {
			isa = XCConfigurationList;
			buildConfigurations = (
				A51155922AE82A5200AA0B33 /* Debug */,
				A51155932AE82A5200AA0B33 /* Release */,
			);
			defaultConfigurationIsVisible = 0;
			defaultConfigurationName = Release;
		};
/* End XCConfigurationList section */
	};
	rootObject = A51155752AE82A5100AA0B33 /* Project object */;
}
